// !$*UTF8*$!
{
	archiveVersion = 1;
	classes = {
	};
	objectVersion = 50;
	objects = {

/* Begin PBXBuildFile section */
		A819B5712460C2A50058D76E /* ContentHeaderView.swift in Sources */ = {isa = PBXBuildFile; fileRef = A819B5702460C2A50058D76E /* ContentHeaderView.swift */; };
		A819B5732460C3300058D76E /* MenuListView.swift in Sources */ = {isa = PBXBuildFile; fileRef = A819B5722460C3300058D76E /* MenuListView.swift */; };
		A819B5752460CA8D0058D76E /* NewGameView.swift in Sources */ = {isa = PBXBuildFile; fileRef = A819B5742460CA8D0058D76E /* NewGameView.swift */; };
		A819B5792460E0B70058D76E /* InGameView.swift in Sources */ = {isa = PBXBuildFile; fileRef = A819B5782460E0B70058D76E /* InGameView.swift */; };
		A854B66224647029000DC53C /* Die.swift in Sources */ = {isa = PBXBuildFile; fileRef = A854B66124647029000DC53C /* Die.swift */; };
		A854B66424647055000DC53C /* Game.swift in Sources */ = {isa = PBXBuildFile; fileRef = A854B66324647055000DC53C /* Game.swift */; };
		A854B66624649BD7000DC53C /* RulesView.swift in Sources */ = {isa = PBXBuildFile; fileRef = A854B66524649BD7000DC53C /* RulesView.swift */; };
		A898B3152461D3DA00E67442 /* InGameDiceView.swift in Sources */ = {isa = PBXBuildFile; fileRef = A898B3142461D3DA00E67442 /* InGameDiceView.swift */; };
		A898B3172461D86600E67442 /* InGameSingleDiceView.swift in Sources */ = {isa = PBXBuildFile; fileRef = A898B3162461D86600E67442 /* InGameSingleDiceView.swift */; };
		BF34974324620349007F8C0A /* RulesHeaderView.swift in Sources */ = {isa = PBXBuildFile; fileRef = BF34974224620349007F8C0A /* RulesHeaderView.swift */; };
		BF3497452462146E007F8C0A /* RulesListView.swift in Sources */ = {isa = PBXBuildFile; fileRef = BF3497442462146E007F8C0A /* RulesListView.swift */; };
		BF349747246215CC007F8C0A /* RuleListItemView.swift in Sources */ = {isa = PBXBuildFile; fileRef = BF349746246215CC007F8C0A /* RuleListItemView.swift */; };
		BF34974924621FA5007F8C0A /* RuleScoringHeaderView.swift in Sources */ = {isa = PBXBuildFile; fileRef = BF34974824621FA5007F8C0A /* RuleScoringHeaderView.swift */; };
		BF34974B2462213B007F8C0A /* RuleScoringItemView.swift in Sources */ = {isa = PBXBuildFile; fileRef = BF34974A2462213B007F8C0A /* RuleScoringItemView.swift */; };
		BF34974D24622147007F8C0A /* RuleScoringListView.swift in Sources */ = {isa = PBXBuildFile; fileRef = BF34974C24622147007F8C0A /* RuleScoringListView.swift */; };
		BF60C4D724607DBC0045D2FF /* AppDelegate.swift in Sources */ = {isa = PBXBuildFile; fileRef = BF60C4D624607DBC0045D2FF /* AppDelegate.swift */; };
		BF60C4D924607DBC0045D2FF /* SceneDelegate.swift in Sources */ = {isa = PBXBuildFile; fileRef = BF60C4D824607DBC0045D2FF /* SceneDelegate.swift */; };
		BF60C4DB24607DBC0045D2FF /* ContentView.swift in Sources */ = {isa = PBXBuildFile; fileRef = BF60C4DA24607DBC0045D2FF /* ContentView.swift */; };
		BF60C4DD24607DBD0045D2FF /* Assets.xcassets in Resources */ = {isa = PBXBuildFile; fileRef = BF60C4DC24607DBD0045D2FF /* Assets.xcassets */; };
		BF60C4E024607DBD0045D2FF /* Preview Assets.xcassets in Resources */ = {isa = PBXBuildFile; fileRef = BF60C4DF24607DBD0045D2FF /* Preview Assets.xcassets */; };
		BF60C4E324607DBD0045D2FF /* LaunchScreen.storyboard in Resources */ = {isa = PBXBuildFile; fileRef = BF60C4E124607DBD0045D2FF /* LaunchScreen.storyboard */; };
		F67E69BB2462732000E68E1E /* Player.swift in Sources */ = {isa = PBXBuildFile; fileRef = F67E69BA2462732000E68E1E /* Player.swift */; };
		F67E69C02462785A00E68E1E /* AddPlayerView.swift in Sources */ = {isa = PBXBuildFile; fileRef = F67E69BF2462785A00E68E1E /* AddPlayerView.swift */; };
		F6AD39D12463B0B1007B6100 /* SubmitNameView.swift in Sources */ = {isa = PBXBuildFile; fileRef = F6AD39D02463B0B1007B6100 /* SubmitNameView.swift */; };
		F6AD39D32463B0C6007B6100 /* StartGameButton.swift in Sources */ = {isa = PBXBuildFile; fileRef = F6AD39D22463B0C6007B6100 /* StartGameButton.swift */; };
		F6B7F3252465263000EE28AF /* ScoreBoardView.swift in Sources */ = {isa = PBXBuildFile; fileRef = F6B7F3242465263000EE28AF /* ScoreBoardView.swift */; };
/* End PBXBuildFile section */

/* Begin PBXFileReference section */
		A819B5702460C2A50058D76E /* ContentHeaderView.swift */ = {isa = PBXFileReference; lastKnownFileType = sourcecode.swift; path = ContentHeaderView.swift; sourceTree = "<group>"; };
		A819B5722460C3300058D76E /* MenuListView.swift */ = {isa = PBXFileReference; lastKnownFileType = sourcecode.swift; path = MenuListView.swift; sourceTree = "<group>"; };
		A819B5742460CA8D0058D76E /* NewGameView.swift */ = {isa = PBXFileReference; lastKnownFileType = sourcecode.swift; path = NewGameView.swift; sourceTree = "<group>"; };
		A819B5782460E0B70058D76E /* InGameView.swift */ = {isa = PBXFileReference; lastKnownFileType = sourcecode.swift; path = InGameView.swift; sourceTree = "<group>"; };
		A854B66124647029000DC53C /* Die.swift */ = {isa = PBXFileReference; lastKnownFileType = sourcecode.swift; path = Die.swift; sourceTree = "<group>"; };
		A854B66324647055000DC53C /* Game.swift */ = {isa = PBXFileReference; lastKnownFileType = sourcecode.swift; path = Game.swift; sourceTree = "<group>"; };
		A854B66524649BD7000DC53C /* RulesView.swift */ = {isa = PBXFileReference; fileEncoding = 4; lastKnownFileType = sourcecode.swift; path = RulesView.swift; sourceTree = "<group>"; };
		A898B3142461D3DA00E67442 /* InGameDiceView.swift */ = {isa = PBXFileReference; lastKnownFileType = sourcecode.swift; path = InGameDiceView.swift; sourceTree = "<group>"; };
		A898B3162461D86600E67442 /* InGameSingleDiceView.swift */ = {isa = PBXFileReference; lastKnownFileType = sourcecode.swift; path = InGameSingleDiceView.swift; sourceTree = "<group>"; };
		BF34974224620349007F8C0A /* RulesHeaderView.swift */ = {isa = PBXFileReference; lastKnownFileType = sourcecode.swift; path = RulesHeaderView.swift; sourceTree = "<group>"; };
		BF3497442462146E007F8C0A /* RulesListView.swift */ = {isa = PBXFileReference; lastKnownFileType = sourcecode.swift; path = RulesListView.swift; sourceTree = "<group>"; };
		BF349746246215CC007F8C0A /* RuleListItemView.swift */ = {isa = PBXFileReference; lastKnownFileType = sourcecode.swift; path = RuleListItemView.swift; sourceTree = "<group>"; };
		BF34974824621FA5007F8C0A /* RuleScoringHeaderView.swift */ = {isa = PBXFileReference; lastKnownFileType = sourcecode.swift; path = RuleScoringHeaderView.swift; sourceTree = "<group>"; };
		BF34974A2462213B007F8C0A /* RuleScoringItemView.swift */ = {isa = PBXFileReference; lastKnownFileType = sourcecode.swift; path = RuleScoringItemView.swift; sourceTree = "<group>"; };
		BF34974C24622147007F8C0A /* RuleScoringListView.swift */ = {isa = PBXFileReference; lastKnownFileType = sourcecode.swift; path = RuleScoringListView.swift; sourceTree = "<group>"; };
		BF60C4D324607DBC0045D2FF /* BasicSwiftGame.app */ = {isa = PBXFileReference; explicitFileType = wrapper.application; includeInIndex = 0; path = BasicSwiftGame.app; sourceTree = BUILT_PRODUCTS_DIR; };
		BF60C4D624607DBC0045D2FF /* AppDelegate.swift */ = {isa = PBXFileReference; lastKnownFileType = sourcecode.swift; path = AppDelegate.swift; sourceTree = "<group>"; };
		BF60C4D824607DBC0045D2FF /* SceneDelegate.swift */ = {isa = PBXFileReference; lastKnownFileType = sourcecode.swift; path = SceneDelegate.swift; sourceTree = "<group>"; };
		BF60C4DA24607DBC0045D2FF /* ContentView.swift */ = {isa = PBXFileReference; lastKnownFileType = sourcecode.swift; path = ContentView.swift; sourceTree = "<group>"; };
		BF60C4DC24607DBD0045D2FF /* Assets.xcassets */ = {isa = PBXFileReference; lastKnownFileType = folder.assetcatalog; path = Assets.xcassets; sourceTree = "<group>"; };
		BF60C4DF24607DBD0045D2FF /* Preview Assets.xcassets */ = {isa = PBXFileReference; lastKnownFileType = folder.assetcatalog; path = "Preview Assets.xcassets"; sourceTree = "<group>"; };
		BF60C4E224607DBD0045D2FF /* Base */ = {isa = PBXFileReference; lastKnownFileType = file.storyboard; name = Base; path = Base.lproj/LaunchScreen.storyboard; sourceTree = "<group>"; };
		BF60C4E424607DBD0045D2FF /* Info.plist */ = {isa = PBXFileReference; lastKnownFileType = text.plist.xml; path = Info.plist; sourceTree = "<group>"; };
		F67E69BA2462732000E68E1E /* Player.swift */ = {isa = PBXFileReference; lastKnownFileType = sourcecode.swift; path = Player.swift; sourceTree = "<group>"; };
		F67E69BF2462785A00E68E1E /* AddPlayerView.swift */ = {isa = PBXFileReference; lastKnownFileType = sourcecode.swift; path = AddPlayerView.swift; sourceTree = "<group>"; };
		F6AD39D02463B0B1007B6100 /* SubmitNameView.swift */ = {isa = PBXFileReference; lastKnownFileType = sourcecode.swift; path = SubmitNameView.swift; sourceTree = "<group>"; };
		F6AD39D22463B0C6007B6100 /* StartGameButton.swift */ = {isa = PBXFileReference; lastKnownFileType = sourcecode.swift; path = StartGameButton.swift; sourceTree = "<group>"; };
		F6B7F3242465263000EE28AF /* ScoreBoardView.swift */ = {isa = PBXFileReference; lastKnownFileType = sourcecode.swift; path = ScoreBoardView.swift; sourceTree = "<group>"; };
/* End PBXFileReference section */

/* Begin PBXFrameworksBuildPhase section */
		BF60C4D024607DBC0045D2FF /* Frameworks */ = {
			isa = PBXFrameworksBuildPhase;
			buildActionMask = 2147483647;
			files = (
			);
			runOnlyForDeploymentPostprocessing = 0;
		};
/* End PBXFrameworksBuildPhase section */

/* Begin PBXGroup section */
		A854B66724649C78000DC53C /* InGameView */ = {
			isa = PBXGroup;
			children = (
				A898B3162461D86600E67442 /* InGameSingleDiceView.swift */,
				A898B3142461D3DA00E67442 /* InGameDiceView.swift */,
				A819B5782460E0B70058D76E /* InGameView.swift */,
			);
			path = InGameView;
			sourceTree = "<group>";
		};
		A854B66A24649CC7000DC53C /* Objects */ = {
			isa = PBXGroup;
			children = (
				A854B66124647029000DC53C /* Die.swift */,
				A854B66324647055000DC53C /* Game.swift */,
				F67E69BA2462732000E68E1E /* Player.swift */,
			);
			path = Objects;
			sourceTree = "<group>";
		};
		BF349741246202F5007F8C0A /* RulesView */ = {
			isa = PBXGroup;
			children = (
				A854B66524649BD7000DC53C /* RulesView.swift */,
				BF34974224620349007F8C0A /* RulesHeaderView.swift */,
				BF3497442462146E007F8C0A /* RulesListView.swift */,
				BF349746246215CC007F8C0A /* RuleListItemView.swift */,
				BF34974824621FA5007F8C0A /* RuleScoringHeaderView.swift */,
				BF34974A2462213B007F8C0A /* RuleScoringItemView.swift */,
				BF34974C24622147007F8C0A /* RuleScoringListView.swift */,
			);
			path = RulesView;
			sourceTree = "<group>";
		};
		BF60C4CA24607DBC0045D2FF = {
			isa = PBXGroup;
			children = (
				BF60C4D524607DBC0045D2FF /* BasicSwiftGame */,
				BF60C4D424607DBC0045D2FF /* Products */,
			);
			sourceTree = "<group>";
		};
		BF60C4D424607DBC0045D2FF /* Products */ = {
			isa = PBXGroup;
			children = (
				BF60C4D324607DBC0045D2FF /* BasicSwiftGame.app */,
			);
			name = Products;
			sourceTree = "<group>";
		};
		BF60C4D524607DBC0045D2FF /* BasicSwiftGame */ = {
			isa = PBXGroup;
			children = (
				F61DEB332464A7170027E2D8 /* ScoreBoardView */,
				BF349741246202F5007F8C0A /* RulesView */,
				F67E69BE2462780F00E68E1E /* AddPlayerView */,
				A854B66A24649CC7000DC53C /* Objects */,
				A854B66724649C78000DC53C /* InGameView */,
				A819B5742460CA8D0058D76E /* NewGameView.swift */,
				BF60C4DA24607DBC0045D2FF /* ContentView.swift */,
				A819B5722460C3300058D76E /* MenuListView.swift */,
				A819B5702460C2A50058D76E /* ContentHeaderView.swift */,
				BF60C4DC24607DBD0045D2FF /* Assets.xcassets */,
				BF60C4E124607DBD0045D2FF /* LaunchScreen.storyboard */,
				BF60C4E424607DBD0045D2FF /* Info.plist */,
				BF60C4D624607DBC0045D2FF /* AppDelegate.swift */,
				BF60C4D824607DBC0045D2FF /* SceneDelegate.swift */,
				BF60C4DE24607DBD0045D2FF /* Preview Content */,
			);
			path = BasicSwiftGame;
			sourceTree = "<group>";
		};
		BF60C4DE24607DBD0045D2FF /* Preview Content */ = {
			isa = PBXGroup;
			children = (
				BF60C4DF24607DBD0045D2FF /* Preview Assets.xcassets */,
			);
			path = "Preview Content";
			sourceTree = "<group>";
		};
		F61DEB332464A7170027E2D8 /* ScoreBoardView */ = {
			isa = PBXGroup;
			children = (
				F6B7F3242465263000EE28AF /* ScoreBoardView.swift */,
			);
			path = ScoreBoardView;
			sourceTree = "<group>";
		};
		F67E69BE2462780F00E68E1E /* AddPlayerView */ = {
			isa = PBXGroup;
			children = (
				F67E69BF2462785A00E68E1E /* AddPlayerView.swift */,
				F6AD39D02463B0B1007B6100 /* SubmitNameView.swift */,
				F6AD39D22463B0C6007B6100 /* StartGameButton.swift */,
			);
			path = AddPlayerView;
			sourceTree = "<group>";
		};
/* End PBXGroup section */

/* Begin PBXNativeTarget section */
		BF60C4D224607DBC0045D2FF /* BasicSwiftGame */ = {
			isa = PBXNativeTarget;
			buildConfigurationList = BF60C4E724607DBD0045D2FF /* Build configuration list for PBXNativeTarget "BasicSwiftGame" */;
			buildPhases = (
				BF60C4CF24607DBC0045D2FF /* Sources */,
				BF60C4D024607DBC0045D2FF /* Frameworks */,
				BF60C4D124607DBC0045D2FF /* Resources */,
			);
			buildRules = (
			);
			dependencies = (
			);
			name = BasicSwiftGame;
			productName = BasicSwiftGame;
			productReference = BF60C4D324607DBC0045D2FF /* BasicSwiftGame.app */;
			productType = "com.apple.product-type.application";
		};
/* End PBXNativeTarget section */

/* Begin PBXProject section */
		BF60C4CB24607DBC0045D2FF /* Project object */ = {
			isa = PBXProject;
			attributes = {
				LastSwiftUpdateCheck = 1140;
				LastUpgradeCheck = 1140;
				ORGANIZATIONNAME = Opench;
				TargetAttributes = {
					BF60C4D224607DBC0045D2FF = {
						CreatedOnToolsVersion = 11.4;
					};
				};
			};
			buildConfigurationList = BF60C4CE24607DBC0045D2FF /* Build configuration list for PBXProject "BasicSwiftGame" */;
			compatibilityVersion = "Xcode 9.3";
			developmentRegion = en;
			hasScannedForEncodings = 0;
			knownRegions = (
				en,
				Base,
			);
			mainGroup = BF60C4CA24607DBC0045D2FF;
			productRefGroup = BF60C4D424607DBC0045D2FF /* Products */;
			projectDirPath = "";
			projectRoot = "";
			targets = (
				BF60C4D224607DBC0045D2FF /* BasicSwiftGame */,
			);
		};
/* End PBXProject section */

/* Begin PBXResourcesBuildPhase section */
		BF60C4D124607DBC0045D2FF /* Resources */ = {
			isa = PBXResourcesBuildPhase;
			buildActionMask = 2147483647;
			files = (
				BF60C4E324607DBD0045D2FF /* LaunchScreen.storyboard in Resources */,
				BF60C4E024607DBD0045D2FF /* Preview Assets.xcassets in Resources */,
				BF60C4DD24607DBD0045D2FF /* Assets.xcassets in Resources */,
			);
			runOnlyForDeploymentPostprocessing = 0;
		};
/* End PBXResourcesBuildPhase section */

/* Begin PBXSourcesBuildPhase section */
		BF60C4CF24607DBC0045D2FF /* Sources */ = {
			isa = PBXSourcesBuildPhase;
			buildActionMask = 2147483647;
			files = (
				F6AD39D32463B0C6007B6100 /* StartGameButton.swift in Sources */,
				F6B7F3252465263000EE28AF /* ScoreBoardView.swift in Sources */,
				BF60C4D724607DBC0045D2FF /* AppDelegate.swift in Sources */,
				A854B66224647029000DC53C /* Die.swift in Sources */,
				BF34974B2462213B007F8C0A /* RuleScoringItemView.swift in Sources */,
				A819B5732460C3300058D76E /* MenuListView.swift in Sources */,
				F6AD39D12463B0B1007B6100 /* SubmitNameView.swift in Sources */,
				A819B5712460C2A50058D76E /* ContentHeaderView.swift in Sources */,
				BF3497452462146E007F8C0A /* RulesListView.swift in Sources */,
				BF60C4D924607DBC0045D2FF /* SceneDelegate.swift in Sources */,
				F67E69C02462785A00E68E1E /* AddPlayerView.swift in Sources */,
				BF60C4DB24607DBC0045D2FF /* ContentView.swift in Sources */,
				A854B66424647055000DC53C /* Game.swift in Sources */,
				A898B3172461D86600E67442 /* InGameSingleDiceView.swift in Sources */,
				A898B3152461D3DA00E67442 /* InGameDiceView.swift in Sources */,
				BF34974D24622147007F8C0A /* RuleScoringListView.swift in Sources */,
				BF34974324620349007F8C0A /* RulesHeaderView.swift in Sources */,
				A854B66624649BD7000DC53C /* RulesView.swift in Sources */,
				BF349747246215CC007F8C0A /* RuleListItemView.swift in Sources */,
				A819B5752460CA8D0058D76E /* NewGameView.swift in Sources */,
				F67E69BB2462732000E68E1E /* Player.swift in Sources */,
				A819B5792460E0B70058D76E /* InGameView.swift in Sources */,
				BF34974924621FA5007F8C0A /* RuleScoringHeaderView.swift in Sources */,
			);
			runOnlyForDeploymentPostprocessing = 0;
		};
/* End PBXSourcesBuildPhase section */

/* Begin PBXVariantGroup section */
		BF60C4E124607DBD0045D2FF /* LaunchScreen.storyboard */ = {
			isa = PBXVariantGroup;
			children = (
				BF60C4E224607DBD0045D2FF /* Base */,
			);
			name = LaunchScreen.storyboard;
			sourceTree = "<group>";
		};
/* End PBXVariantGroup section */

/* Begin XCBuildConfiguration section */
		BF60C4E524607DBD0045D2FF /* Debug */ = {
			isa = XCBuildConfiguration;
			buildSettings = {
				ALWAYS_SEARCH_USER_PATHS = NO;
				CLANG_ANALYZER_NONNULL = YES;
				CLANG_ANALYZER_NUMBER_OBJECT_CONVERSION = YES_AGGRESSIVE;
				CLANG_CXX_LANGUAGE_STANDARD = "gnu++14";
				CLANG_CXX_LIBRARY = "libc++";
				CLANG_ENABLE_MODULES = YES;
				CLANG_ENABLE_OBJC_ARC = YES;
				CLANG_ENABLE_OBJC_WEAK = YES;
				CLANG_WARN_BLOCK_CAPTURE_AUTORELEASING = YES;
				CLANG_WARN_BOOL_CONVERSION = YES;
				CLANG_WARN_COMMA = YES;
				CLANG_WARN_CONSTANT_CONVERSION = YES;
				CLANG_WARN_DEPRECATED_OBJC_IMPLEMENTATIONS = YES;
				CLANG_WARN_DIRECT_OBJC_ISA_USAGE = YES_ERROR;
				CLANG_WARN_DOCUMENTATION_COMMENTS = YES;
				CLANG_WARN_EMPTY_BODY = YES;
				CLANG_WARN_ENUM_CONVERSION = YES;
				CLANG_WARN_INFINITE_RECURSION = YES;
				CLANG_WARN_INT_CONVERSION = YES;
				CLANG_WARN_NON_LITERAL_NULL_CONVERSION = YES;
				CLANG_WARN_OBJC_IMPLICIT_RETAIN_SELF = YES;
				CLANG_WARN_OBJC_LITERAL_CONVERSION = YES;
				CLANG_WARN_OBJC_ROOT_CLASS = YES_ERROR;
				CLANG_WARN_RANGE_LOOP_ANALYSIS = YES;
				CLANG_WARN_STRICT_PROTOTYPES = YES;
				CLANG_WARN_SUSPICIOUS_MOVE = YES;
				CLANG_WARN_UNGUARDED_AVAILABILITY = YES_AGGRESSIVE;
				CLANG_WARN_UNREACHABLE_CODE = YES;
				CLANG_WARN__DUPLICATE_METHOD_MATCH = YES;
				COPY_PHASE_STRIP = NO;
				DEBUG_INFORMATION_FORMAT = dwarf;
				ENABLE_STRICT_OBJC_MSGSEND = YES;
				ENABLE_TESTABILITY = YES;
				GCC_C_LANGUAGE_STANDARD = gnu11;
				GCC_DYNAMIC_NO_PIC = NO;
				GCC_NO_COMMON_BLOCKS = YES;
				GCC_OPTIMIZATION_LEVEL = 0;
				GCC_PREPROCESSOR_DEFINITIONS = (
					"DEBUG=1",
					"$(inherited)",
				);
				GCC_WARN_64_TO_32_BIT_CONVERSION = YES;
				GCC_WARN_ABOUT_RETURN_TYPE = YES_ERROR;
				GCC_WARN_UNDECLARED_SELECTOR = YES;
				GCC_WARN_UNINITIALIZED_AUTOS = YES_AGGRESSIVE;
				GCC_WARN_UNUSED_FUNCTION = YES;
				GCC_WARN_UNUSED_VARIABLE = YES;
				IPHONEOS_DEPLOYMENT_TARGET = 13.4;
				MTL_ENABLE_DEBUG_INFO = INCLUDE_SOURCE;
				MTL_FAST_MATH = YES;
				ONLY_ACTIVE_ARCH = YES;
				SDKROOT = iphoneos;
				SWIFT_ACTIVE_COMPILATION_CONDITIONS = DEBUG;
				SWIFT_OPTIMIZATION_LEVEL = "-Onone";
			};
			name = Debug;
		};
		BF60C4E624607DBD0045D2FF /* Release */ = {
			isa = XCBuildConfiguration;
			buildSettings = {
				ALWAYS_SEARCH_USER_PATHS = NO;
				CLANG_ANALYZER_NONNULL = YES;
				CLANG_ANALYZER_NUMBER_OBJECT_CONVERSION = YES_AGGRESSIVE;
				CLANG_CXX_LANGUAGE_STANDARD = "gnu++14";
				CLANG_CXX_LIBRARY = "libc++";
				CLANG_ENABLE_MODULES = YES;
				CLANG_ENABLE_OBJC_ARC = YES;
				CLANG_ENABLE_OBJC_WEAK = YES;
				CLANG_WARN_BLOCK_CAPTURE_AUTORELEASING = YES;
				CLANG_WARN_BOOL_CONVERSION = YES;
				CLANG_WARN_COMMA = YES;
				CLANG_WARN_CONSTANT_CONVERSION = YES;
				CLANG_WARN_DEPRECATED_OBJC_IMPLEMENTATIONS = YES;
				CLANG_WARN_DIRECT_OBJC_ISA_USAGE = YES_ERROR;
				CLANG_WARN_DOCUMENTATION_COMMENTS = YES;
				CLANG_WARN_EMPTY_BODY = YES;
				CLANG_WARN_ENUM_CONVERSION = YES;
				CLANG_WARN_INFINITE_RECURSION = YES;
				CLANG_WARN_INT_CONVERSION = YES;
				CLANG_WARN_NON_LITERAL_NULL_CONVERSION = YES;
				CLANG_WARN_OBJC_IMPLICIT_RETAIN_SELF = YES;
				CLANG_WARN_OBJC_LITERAL_CONVERSION = YES;
				CLANG_WARN_OBJC_ROOT_CLASS = YES_ERROR;
				CLANG_WARN_RANGE_LOOP_ANALYSIS = YES;
				CLANG_WARN_STRICT_PROTOTYPES = YES;
				CLANG_WARN_SUSPICIOUS_MOVE = YES;
				CLANG_WARN_UNGUARDED_AVAILABILITY = YES_AGGRESSIVE;
				CLANG_WARN_UNREACHABLE_CODE = YES;
				CLANG_WARN__DUPLICATE_METHOD_MATCH = YES;
				COPY_PHASE_STRIP = NO;
				DEBUG_INFORMATION_FORMAT = "dwarf-with-dsym";
				ENABLE_NS_ASSERTIONS = NO;
				ENABLE_STRICT_OBJC_MSGSEND = YES;
				GCC_C_LANGUAGE_STANDARD = gnu11;
				GCC_NO_COMMON_BLOCKS = YES;
				GCC_WARN_64_TO_32_BIT_CONVERSION = YES;
				GCC_WARN_ABOUT_RETURN_TYPE = YES_ERROR;
				GCC_WARN_UNDECLARED_SELECTOR = YES;
				GCC_WARN_UNINITIALIZED_AUTOS = YES_AGGRESSIVE;
				GCC_WARN_UNUSED_FUNCTION = YES;
				GCC_WARN_UNUSED_VARIABLE = YES;
				IPHONEOS_DEPLOYMENT_TARGET = 13.4;
				MTL_ENABLE_DEBUG_INFO = NO;
				MTL_FAST_MATH = YES;
				SDKROOT = iphoneos;
				SWIFT_COMPILATION_MODE = wholemodule;
				SWIFT_OPTIMIZATION_LEVEL = "-O";
				VALIDATE_PRODUCT = YES;
			};
			name = Release;
		};
		BF60C4E824607DBD0045D2FF /* Debug */ = {
			isa = XCBuildConfiguration;
			buildSettings = {
				ASSETCATALOG_COMPILER_APPICON_NAME = AppIcon;
				CODE_SIGN_IDENTITY = "Apple Development";
				CODE_SIGN_STYLE = Manual;
				DEVELOPMENT_ASSET_PATHS = "\"BasicSwiftGame/Preview Content\"";
				DEVELOPMENT_TEAM = "";
				ENABLE_PREVIEWS = YES;
				INFOPLIST_FILE = BasicSwiftGame/Info.plist;
				LD_RUNPATH_SEARCH_PATHS = (
					"$(inherited)",
					"@executable_path/Frameworks",
				);
				PRODUCT_BUNDLE_IDENTIFIER = OpenchIndustries.BasicSwiftGame;
				PRODUCT_NAME = "$(TARGET_NAME)";
				PROVISIONING_PROFILE_SPECIFIER = "";
				SWIFT_VERSION = 5.0;
				TARGETED_DEVICE_FAMILY = "1,2";
			};
			name = Debug;
		};
		BF60C4E924607DBD0045D2FF /* Release */ = {
			isa = XCBuildConfiguration;
			buildSettings = {
				ASSETCATALOG_COMPILER_APPICON_NAME = AppIcon;
				CODE_SIGN_IDENTITY = "Apple Development";
				CODE_SIGN_STYLE = Manual;
				DEVELOPMENT_ASSET_PATHS = "\"BasicSwiftGame/Preview Content\"";
				DEVELOPMENT_TEAM = "";
				ENABLE_PREVIEWS = YES;
				INFOPLIST_FILE = BasicSwiftGame/Info.plist;
				LD_RUNPATH_SEARCH_PATHS = (
					"$(inherited)",
					"@executable_path/Frameworks",
				);
				PRODUCT_BUNDLE_IDENTIFIER = OpenchIndustries.BasicSwiftGame;
				PRODUCT_NAME = "$(TARGET_NAME)";
				PROVISIONING_PROFILE_SPECIFIER = "";
				SWIFT_VERSION = 5.0;
				TARGETED_DEVICE_FAMILY = "1,2";
			};
			name = Release;
		};
/* End XCBuildConfiguration section */

/* Begin XCConfigurationList section */
		BF60C4CE24607DBC0045D2FF /* Build configuration list for PBXProject "BasicSwiftGame" */ = {
			isa = XCConfigurationList;
			buildConfigurations = (
				BF60C4E524607DBD0045D2FF /* Debug */,
				BF60C4E624607DBD0045D2FF /* Release */,
			);
			defaultConfigurationIsVisible = 0;
			defaultConfigurationName = Release;
		};
		BF60C4E724607DBD0045D2FF /* Build configuration list for PBXNativeTarget "BasicSwiftGame" */ = {
			isa = XCConfigurationList;
			buildConfigurations = (
				BF60C4E824607DBD0045D2FF /* Debug */,
				BF60C4E924607DBD0045D2FF /* Release */,
			);
			defaultConfigurationIsVisible = 0;
			defaultConfigurationName = Release;
		};
/* End XCConfigurationList section */
	};
	rootObject = BF60C4CB24607DBC0045D2FF /* Project object */;
}
